
Microsoft Visual Studio Solution File, Format Version 12.00
# Visual Studio 15
Project("{FAE04EC0-301F-11D3-BF4B-00C04F79EFBC}") = "Assembly-CSharp", "Assembly-CSharp.csproj", "{C7011B7B-5657-B305-5B63-97C579869EFE}"
EndProject
Project("{FAE04EC0-301F-11D3-BF4B-00C04F79EFBC}") = "Assembly-CSharp-Editor", "Assembly-CSharp-Editor.csproj", "{38FE12E1-C888-7983-CE62-1095E0C9A2C6}"
EndProject
Global
	GlobalSection(SolutionConfigurationPlatforms) = preSolution
		Debug|Any CPU = Debug|Any CPU
		Release|Any CPU = Release|Any CPU
	EndGlobalSection
	GlobalSection(ProjectConfigurationPlatforms) = postSolution
		{C7011B7B-5657-B305-5B63-97C579869EFE}.Debug|Any CPU.ActiveCfg = Debug|Any CPU
		{C7011B7B-5657-B305-5B63-97C579869EFE}.Debug|Any CPU.Build.0 = Debug|Any CPU
		{C7011B7B-5657-B305-5B63-97C579869EFE}.Release|Any CPU.ActiveCfg = Release|Any CPU
		{C7011B7B-5657-B305-5B63-97C579869EFE}.Release|Any CPU.Build.0 = Release|Any CPU
		{38FE12E1-C888-7983-CE62-1095E0C9A2C6}.Debug|Any CPU.ActiveCfg = Debug|Any CPU
		{38FE12E1-C888-7983-CE62-1095E0C9A2C6}.Debug|Any CPU.Build.0 = Debug|Any CPU
		{38FE12E1-C888-7983-CE62-1095E0C9A2C6}.Release|Any CPU.ActiveCfg = Release|Any CPU
		{38FE12E1-C888-7983-CE62-1095E0C9A2C6}.Release|Any CPU.Build.0 = Release|Any CPU
	EndGlobalSection
	GlobalSection(SolutionProperties) = preSolution
		HideSolutionNode = FALSE
	EndGlobalSection
EndGlobal
